// !$*UTF8*$!
{
	archiveVersion = 1;
	classes = {
	};
	objectVersion = 50;
	objects = {

/* Begin PBXBuildFile section */
		51C15D8B235C4AEC00365E55 /* AppDelegate.swift in Sources */ = {isa = PBXBuildFile; fileRef = 51C15D8A235C4AEC00365E55 /* AppDelegate.swift */; };
		51C15D8D235C4AEC00365E55 /* SceneDelegate.swift in Sources */ = {isa = PBXBuildFile; fileRef = 51C15D8C235C4AEC00365E55 /* SceneDelegate.swift */; };
		51C15D92235C4AEC00365E55 /* Main.storyboard in Resources */ = {isa = PBXBuildFile; fileRef = 51C15D90235C4AEC00365E55 /* Main.storyboard */; };
		51C15D94235C4AF000365E55 /* Assets.xcassets in Resources */ = {isa = PBXBuildFile; fileRef = 51C15D93235C4AF000365E55 /* Assets.xcassets */; };
		51C15D97235C4AF000365E55 /* LaunchScreen.storyboard in Resources */ = {isa = PBXBuildFile; fileRef = 51C15D95235C4AF000365E55 /* LaunchScreen.storyboard */; };
		51C15DBB235C4D9A00365E55 /* LoginFormController.swift in Sources */ = {isa = PBXBuildFile; fileRef = 51C15DBA235C4D9A00365E55 /* LoginFormController.swift */; };
/* End PBXBuildFile section */

/* Begin PBXContainerItemProxy section */
		51C15D9E235C4AF000365E55 /* PBXContainerItemProxy */ = {
			isa = PBXContainerItemProxy;
			containerPortal = 51C15D7F235C4AEC00365E55 /* Project object */;
			proxyType = 1;
			remoteGlobalIDString = 51C15D86235C4AEC00365E55;
			remoteInfo = VkApp;
		};
		51C15DA9235C4AF000365E55 /* PBXContainerItemProxy */ = {
			isa = PBXContainerItemProxy;
			containerPortal = 51C15D7F235C4AEC00365E55 /* Project object */;
			proxyType = 1;
			remoteGlobalIDString = 51C15D86235C4AEC00365E55;
			remoteInfo = VkApp;
		};
/* End PBXContainerItemProxy section */

/* Begin PBXFileReference section */
		51C15D87235C4AEC00365E55 /* VkApp.app */ = {isa = PBXFileReference; explicitFileType = wrapper.application; includeInIndex = 0; path = VkApp.app; sourceTree = BUILT_PRODUCTS_DIR; };
		51C15D8A235C4AEC00365E55 /* AppDelegate.swift */ = {isa = PBXFileReference; lastKnownFileType = sourcecode.swift; path = AppDelegate.swift; sourceTree = "<group>"; };
		51C15D8C235C4AEC00365E55 /* SceneDelegate.swift */ = {isa = PBXFileReference; lastKnownFileType = sourcecode.swift; path = SceneDelegate.swift; sourceTree = "<group>"; };
		51C15D91235C4AEC00365E55 /* Base */ = {isa = PBXFileReference; lastKnownFileType = file.storyboard; name = Base; path = Base.lproj/Main.storyboard; sourceTree = "<group>"; };
		51C15D93235C4AF000365E55 /* Assets.xcassets */ = {isa = PBXFileReference; lastKnownFileType = folder.assetcatalog; path = Assets.xcassets; sourceTree = "<group>"; };
		51C15D96235C4AF000365E55 /* Base */ = {isa = PBXFileReference; lastKnownFileType = file.storyboard; name = Base; path = Base.lproj/LaunchScreen.storyboard; sourceTree = "<group>"; };
		51C15D98235C4AF000365E55 /* Info.plist */ = {isa = PBXFileReference; lastKnownFileType = text.plist.xml; path = Info.plist; sourceTree = "<group>"; };
		51C15D9D235C4AF000365E55 /* VkAppTests.xctest */ = {isa = PBXFileReference; explicitFileType = wrapper.cfbundle; includeInIndex = 0; path = VkAppTests.xctest; sourceTree = BUILT_PRODUCTS_DIR; };
		51C15DA8235C4AF000365E55 /* VkAppUITests.xctest */ = {isa = PBXFileReference; explicitFileType = wrapper.cfbundle; includeInIndex = 0; path = VkAppUITests.xctest; sourceTree = BUILT_PRODUCTS_DIR; };
		51C15DBA235C4D9A00365E55 /* LoginFormController.swift */ = {isa = PBXFileReference; lastKnownFileType = sourcecode.swift; path = LoginFormController.swift; sourceTree = "<group>"; };
/* End PBXFileReference section */

/* Begin PBXFrameworksBuildPhase section */
		51C15D84235C4AEC00365E55 /* Frameworks */ = {
			isa = PBXFrameworksBuildPhase;
			buildActionMask = 2147483647;
			files = (
			);
			runOnlyForDeploymentPostprocessing = 0;
		};
		51C15D9A235C4AF000365E55 /* Frameworks */ = {
			isa = PBXFrameworksBuildPhase;
			buildActionMask = 2147483647;
			files = (
			);
			runOnlyForDeploymentPostprocessing = 0;
		};
		51C15DA5235C4AF000365E55 /* Frameworks */ = {
			isa = PBXFrameworksBuildPhase;
			buildActionMask = 2147483647;
			files = (
			);
			runOnlyForDeploymentPostprocessing = 0;
		};
/* End PBXFrameworksBuildPhase section */

/* Begin PBXGroup section */
		51C15D7E235C4AEC00365E55 = {
			isa = PBXGroup;
			children = (
				51C15D89235C4AEC00365E55 /* VkApp */,
				51C15D88235C4AEC00365E55 /* Products */,
			);
			sourceTree = "<group>";
		};
		51C15D88235C4AEC00365E55 /* Products */ = {
			isa = PBXGroup;
			children = (
				51C15D87235C4AEC00365E55 /* VkApp.app */,
				51C15D9D235C4AF000365E55 /* VkAppTests.xctest */,
				51C15DA8235C4AF000365E55 /* VkAppUITests.xctest */,
			);
			name = Products;
			sourceTree = "<group>";
		};
		51C15D89235C4AEC00365E55 /* VkApp */ = {
			isa = PBXGroup;
			children = (
				51C15DBA235C4D9A00365E55 /* LoginFormController.swift */,
				51C15D8A235C4AEC00365E55 /* AppDelegate.swift */,
				51C15D8C235C4AEC00365E55 /* SceneDelegate.swift */,
				51C15D90235C4AEC00365E55 /* Main.storyboard */,
				51C15D93235C4AF000365E55 /* Assets.xcassets */,
				51C15D95235C4AF000365E55 /* LaunchScreen.storyboard */,
				51C15D98235C4AF000365E55 /* Info.plist */,
			);
			path = VkApp;
			sourceTree = "<group>";
		};
/* End PBXGroup section */

/* Begin PBXNativeTarget section */
		51C15D86235C4AEC00365E55 /* VkApp */ = {
			isa = PBXNativeTarget;
			buildConfigurationList = 51C15DB1235C4AF000365E55 /* Build configuration list for PBXNativeTarget "VkApp" */;
			buildPhases = (
				51C15D83235C4AEC00365E55 /* Sources */,
				51C15D84235C4AEC00365E55 /* Frameworks */,
				51C15D85235C4AEC00365E55 /* Resources */,
			);
			buildRules = (
			);
			dependencies = (
			);
			name = VkApp;
			productName = VkApp;
			productReference = 51C15D87235C4AEC00365E55 /* VkApp.app */;
			productType = "com.apple.product-type.application";
		};
		51C15D9C235C4AF000365E55 /* VkAppTests */ = {
			isa = PBXNativeTarget;
			buildConfigurationList = 51C15DB4235C4AF000365E55 /* Build configuration list for PBXNativeTarget "VkAppTests" */;
			buildPhases = (
				51C15D99235C4AF000365E55 /* Sources */,
				51C15D9A235C4AF000365E55 /* Frameworks */,
				51C15D9B235C4AF000365E55 /* Resources */,
			);
			buildRules = (
			);
			dependencies = (
				51C15D9F235C4AF000365E55 /* PBXTargetDependency */,
			);
			name = VkAppTests;
			productName = VkAppTests;
			productReference = 51C15D9D235C4AF000365E55 /* VkAppTests.xctest */;
			productType = "com.apple.product-type.bundle.unit-test";
		};
		51C15DA7235C4AF000365E55 /* VkAppUITests */ = {
			isa = PBXNativeTarget;
			buildConfigurationList = 51C15DB7235C4AF000365E55 /* Build configuration list for PBXNativeTarget "VkAppUITests" */;
			buildPhases = (
				51C15DA4235C4AF000365E55 /* Sources */,
				51C15DA5235C4AF000365E55 /* Frameworks */,
				51C15DA6235C4AF000365E55 /* Resources */,
			);
			buildRules = (
			);
			dependencies = (
				51C15DAA235C4AF000365E55 /* PBXTargetDependency */,
			);
			name = VkAppUITests;
			productName = VkAppUITests;
			productReference = 51C15DA8235C4AF000365E55 /* VkAppUITests.xctest */;
			productType = "com.apple.product-type.bundle.ui-testing";
		};
/* End PBXNativeTarget section */

/* Begin PBXProject section */
		51C15D7F235C4AEC00365E55 /* Project object */ = {
			isa = PBXProject;
			attributes = {
				LastSwiftUpdateCheck = 1100;
				LastUpgradeCheck = 1100;
				ORGANIZATIONNAME = "Sergey Desyak";
				TargetAttributes = {
					51C15D86235C4AEC00365E55 = {
						CreatedOnToolsVersion = 11.0;
					};
					51C15D9C235C4AF000365E55 = {
						CreatedOnToolsVersion = 11.0;
						TestTargetID = 51C15D86235C4AEC00365E55;
					};
					51C15DA7235C4AF000365E55 = {
						CreatedOnToolsVersion = 11.0;
						TestTargetID = 51C15D86235C4AEC00365E55;
					};
				};
			};
			buildConfigurationList = 51C15D82235C4AEC00365E55 /* Build configuration list for PBXProject "VkApp" */;
			compatibilityVersion = "Xcode 9.3";
			developmentRegion = en;
			hasScannedForEncodings = 0;
			knownRegions = (
				en,
				Base,
			);
			mainGroup = 51C15D7E235C4AEC00365E55;
			productRefGroup = 51C15D88235C4AEC00365E55 /* Products */;
			projectDirPath = "";
			projectRoot = "";
			targets = (
				51C15D86235C4AEC00365E55 /* VkApp */,
				51C15D9C235C4AF000365E55 /* VkAppTests */,
				51C15DA7235C4AF000365E55 /* VkAppUITests */,
			);
		};
/* End PBXProject section */

/* Begin PBXResourcesBuildPhase section */
		51C15D85235C4AEC00365E55 /* Resources */ = {
			isa = PBXResourcesBuildPhase;
			buildActionMask = 2147483647;
			files = (
				51C15D97235C4AF000365E55 /* LaunchScreen.storyboard in Resources */,
				51C15D94235C4AF000365E55 /* Assets.xcassets in Resources */,
				51C15D92235C4AEC00365E55 /* Main.storyboard in Resources */,
			);
			runOnlyForDeploymentPostprocessing = 0;
		};
		51C15D9B235C4AF000365E55 /* Resources */ = {
			isa = PBXResourcesBuildPhase;
			buildActionMask = 2147483647;
			files = (
			);
			runOnlyForDeploymentPostprocessing = 0;
		};
		51C15DA6235C4AF000365E55 /* Resources */ = {
			isa = PBXResourcesBuildPhase;
			buildActionMask = 2147483647;
			files = (
			);
			runOnlyForDeploymentPostprocessing = 0;
		};
/* End PBXResourcesBuildPhase section */

/* Begin PBXSourcesBuildPhase section */
		51C15D83235C4AEC00365E55 /* Sources */ = {
			isa = PBXSourcesBuildPhase;
			buildActionMask = 2147483647;
			files = (
				51C15DBB235C4D9A00365E55 /* LoginFormController.swift in Sources */,
				51C15D8B235C4AEC00365E55 /* AppDelegate.swift in Sources */,
				51C15D8D235C4AEC00365E55 /* SceneDelegate.swift in Sources */,
			);
			runOnlyForDeploymentPostprocessing = 0;
		};
		51C15D99235C4AF000365E55 /* Sources */ = {
			isa = PBXSourcesBuildPhase;
			buildActionMask = 2147483647;
			files = (
			);
			runOnlyForDeploymentPostprocessing = 0;
		};
		51C15DA4235C4AF000365E55 /* Sources */ = {
			isa = PBXSourcesBuildPhase;
			buildActionMask = 2147483647;
			files = (
			);
			runOnlyForDeploymentPostprocessing = 0;
		};
/* End PBXSourcesBuildPhase section */

/* Begin PBXTargetDependency section */
		51C15D9F235C4AF000365E55 /* PBXTargetDependency */ = {
			isa = PBXTargetDependency;
			target = 51C15D86235C4AEC00365E55 /* VkApp */;
			targetProxy = 51C15D9E235C4AF000365E55 /* PBXContainerItemProxy */;
		};
		51C15DAA235C4AF000365E55 /* PBXTargetDependency */ = {
			isa = PBXTargetDependency;
			target = 51C15D86235C4AEC00365E55 /* VkApp */;
			targetProxy = 51C15DA9235C4AF000365E55 /* PBXContainerItemProxy */;
		};
/* End PBXTargetDependency section */

/* Begin PBXVariantGroup section */
		51C15D90235C4AEC00365E55 /* Main.storyboard */ = {
			isa = PBXVariantGroup;
			children = (
				51C15D91235C4AEC00365E55 /* Base */,
			);
			name = Main.storyboard;
			sourceTree = "<group>";
		};
		51C15D95235C4AF000365E55 /* LaunchScreen.storyboard */ = {
			isa = PBXVariantGroup;
			children = (
				51C15D96235C4AF000365E55 /* Base */,
			);
			name = LaunchScreen.storyboard;
			sourceTree = "<group>";
		};
/* End PBXVariantGroup section */

/* Begin XCBuildConfiguration section */
		51C15DAF235C4AF000365E55 /* Debug */ = {
			isa = XCBuildConfiguration;
			buildSettings = {
				ALWAYS_SEARCH_USER_PATHS = NO;
				CLANG_ANALYZER_NONNULL = YES;
				CLANG_ANALYZER_NUMBER_OBJECT_CONVERSION = YES_AGGRESSIVE;
				CLANG_CXX_LANGUAGE_STANDARD = "gnu++14";
				CLANG_CXX_LIBRARY = "libc++";
				CLANG_ENABLE_MODULES = YES;
				CLANG_ENABLE_OBJC_ARC = YES;
				CLANG_ENABLE_OBJC_WEAK = YES;
				CLANG_WARN_BLOCK_CAPTURE_AUTORELEASING = YES;
				CLANG_WARN_BOOL_CONVERSION = YES;
				CLANG_WARN_COMMA = YES;
				CLANG_WARN_CONSTANT_CONVERSION = YES;
				CLANG_WARN_DEPRECATED_OBJC_IMPLEMENTATIONS = YES;
				CLANG_WARN_DIRECT_OBJC_ISA_USAGE = YES_ERROR;
				CLANG_WARN_DOCUMENTATION_COMMENTS = YES;
				CLANG_WARN_EMPTY_BODY = YES;
				CLANG_WARN_ENUM_CONVERSION = YES;
				CLANG_WARN_INFINITE_RECURSION = YES;
				CLANG_WARN_INT_CONVERSION = YES;
				CLANG_WARN_NON_LITERAL_NULL_CONVERSION = YES;
				CLANG_WARN_OBJC_IMPLICIT_RETAIN_SELF = YES;
				CLANG_WARN_OBJC_LITERAL_CONVERSION = YES;
				CLANG_WARN_OBJC_ROOT_CLASS = YES_ERROR;
				CLANG_WARN_RANGE_LOOP_ANALYSIS = YES;
				CLANG_WARN_STRICT_PROTOTYPES = YES;
				CLANG_WARN_SUSPICIOUS_MOVE = YES;
				CLANG_WARN_UNGUARDED_AVAILABILITY = YES_AGGRESSIVE;
				CLANG_WARN_UNREACHABLE_CODE = YES;
				CLANG_WARN__DUPLICATE_METHOD_MATCH = YES;
				COPY_PHASE_STRIP = NO;
				DEBUG_INFORMATION_FORMAT = dwarf;
				ENABLE_STRICT_OBJC_MSGSEND = YES;
				ENABLE_TESTABILITY = YES;
				GCC_C_LANGUAGE_STANDARD = gnu11;
				GCC_DYNAMIC_NO_PIC = NO;
				GCC_NO_COMMON_BLOCKS = YES;
				GCC_OPTIMIZATION_LEVEL = 0;
				GCC_PREPROCESSOR_DEFINITIONS = (
					"DEBUG=1",
					"$(inherited)",
				);
				GCC_WARN_64_TO_32_BIT_CONVERSION = YES;
				GCC_WARN_ABOUT_RETURN_TYPE = YES_ERROR;
				GCC_WARN_UNDECLARED_SELECTOR = YES;
				GCC_WARN_UNINITIALIZED_AUTOS = YES_AGGRESSIVE;
				GCC_WARN_UNUSED_FUNCTION = YES;
				GCC_WARN_UNUSED_VARIABLE = YES;
				IPHONEOS_DEPLOYMENT_TARGET = 13.0;
				MTL_ENABLE_DEBUG_INFO = INCLUDE_SOURCE;
				MTL_FAST_MATH = YES;
				ONLY_ACTIVE_ARCH = YES;
				SDKROOT = iphoneos;
				SWIFT_ACTIVE_COMPILATION_CONDITIONS = DEBUG;
				SWIFT_OPTIMIZATION_LEVEL = "-Onone";
			};
			name = Debug;
		};
		51C15DB0235C4AF000365E55 /* Release */ = {
			isa = XCBuildConfiguration;
			buildSettings = {
				ALWAYS_SEARCH_USER_PATHS = NO;
				CLANG_ANALYZER_NONNULL = YES;
				CLANG_ANALYZER_NUMBER_OBJECT_CONVERSION = YES_AGGRESSIVE;
				CLANG_CXX_LANGUAGE_STANDARD = "gnu++14";
				CLANG_CXX_LIBRARY = "libc++";
				CLANG_ENABLE_MODULES = YES;
				CLANG_ENABLE_OBJC_ARC = YES;
				CLANG_ENABLE_OBJC_WEAK = YES;
				CLANG_WARN_BLOCK_CAPTURE_AUTORELEASING = YES;
				CLANG_WARN_BOOL_CONVERSION = YES;
				CLANG_WARN_COMMA = YES;
				CLANG_WARN_CONSTANT_CONVERSION = YES;
				CLANG_WARN_DEPRECATED_OBJC_IMPLEMENTATIONS = YES;
				CLANG_WARN_DIRECT_OBJC_ISA_USAGE = YES_ERROR;
				CLANG_WARN_DOCUMENTATION_COMMENTS = YES;
				CLANG_WARN_EMPTY_BODY = YES;
				CLANG_WARN_ENUM_CONVERSION = YES;
				CLANG_WARN_INFINITE_RECURSION = YES;
				CLANG_WARN_INT_CONVERSION = YES;
				CLANG_WARN_NON_LITERAL_NULL_CONVERSION = YES;
				CLANG_WARN_OBJC_IMPLICIT_RETAIN_SELF = YES;
				CLANG_WARN_OBJC_LITERAL_CONVERSION = YES;
				CLANG_WARN_OBJC_ROOT_CLASS = YES_ERROR;
				CLANG_WARN_RANGE_LOOP_ANALYSIS = YES;
				CLANG_WARN_STRICT_PROTOTYPES = YES;
				CLANG_WARN_SUSPICIOUS_MOVE = YES;
				CLANG_WARN_UNGUARDED_AVAILABILITY = YES_AGGRESSIVE;
				CLANG_WARN_UNREACHABLE_CODE = YES;
				CLANG_WARN__DUPLICATE_METHOD_MATCH = YES;
				COPY_PHASE_STRIP = NO;
				DEBUG_INFORMATION_FORMAT = "dwarf-with-dsym";
				ENABLE_NS_ASSERTIONS = NO;
				ENABLE_STRICT_OBJC_MSGSEND = YES;
				GCC_C_LANGUAGE_STANDARD = gnu11;
				GCC_NO_COMMON_BLOCKS = YES;
				GCC_WARN_64_TO_32_BIT_CONVERSION = YES;
				GCC_WARN_ABOUT_RETURN_TYPE = YES_ERROR;
				GCC_WARN_UNDECLARED_SELECTOR = YES;
				GCC_WARN_UNINITIALIZED_AUTOS = YES_AGGRESSIVE;
				GCC_WARN_UNUSED_FUNCTION = YES;
				GCC_WARN_UNUSED_VARIABLE = YES;
				IPHONEOS_DEPLOYMENT_TARGET = 13.0;
				MTL_ENABLE_DEBUG_INFO = NO;
				MTL_FAST_MATH = YES;
				SDKROOT = iphoneos;
				SWIFT_COMPILATION_MODE = wholemodule;
				SWIFT_OPTIMIZATION_LEVEL = "-O";
				VALIDATE_PRODUCT = YES;
			};
			name = Release;
		};
		51C15DB2235C4AF000365E55 /* Debug */ = {
			isa = XCBuildConfiguration;
			buildSettings = {
				ASSETCATALOG_COMPILER_APPICON_NAME = AppIcon;
				CODE_SIGN_STYLE = Automatic;
				DEVELOPMENT_TEAM = NVY499P265;
				INFOPLIST_FILE = VkApp/Info.plist;
				LD_RUNPATH_SEARCH_PATHS = (
					"$(inherited)",
					"@executable_path/Frameworks",
				);
				PRODUCT_BUNDLE_IDENTIFIER = "-.VkApp";
				PRODUCT_NAME = "$(TARGET_NAME)";
				SWIFT_VERSION = 5.0;
				TARGETED_DEVICE_FAMILY = "1,2";
			};
			name = Debug;
		};
		51C15DB3235C4AF000365E55 /* Release */ = {
			isa = XCBuildConfiguration;
			buildSettings = {
				ASSETCATALOG_COMPILER_APPICON_NAME = AppIcon;
				CODE_SIGN_STYLE = Automatic;
				DEVELOPMENT_TEAM = NVY499P265;
				INFOPLIST_FILE = VkApp/Info.plist;
				LD_RUNPATH_SEARCH_PATHS = (
					"$(inherited)",
					"@executable_path/Frameworks",
				);
				PRODUCT_BUNDLE_IDENTIFIER = "-.VkApp";
				PRODUCT_NAME = "$(TARGET_NAME)";
				SWIFT_VERSION = 5.0;
				TARGETED_DEVICE_FAMILY = "1,2";
			};
			name = Release;
		};
		51C15DB5235C4AF000365E55 /* Debug */ = {
			isa = XCBuildConfiguration;
			buildSettings = {
				ALWAYS_EMBED_SWIFT_STANDARD_LIBRARIES = YES;
				BUNDLE_LOADER = "$(TEST_HOST)";
				CODE_SIGN_STYLE = Automatic;
				DEVELOPMENT_TEAM = NVY499P265;
				INFOPLIST_FILE = VkAppTests/Info.plist;
				IPHONEOS_DEPLOYMENT_TARGET = 13.0;
				LD_RUNPATH_SEARCH_PATHS = (
					"$(inherited)",
					"@executable_path/Frameworks",
					"@loader_path/Frameworks",
				);
				PRODUCT_BUNDLE_IDENTIFIER = "-.VkAppTests";
				PRODUCT_NAME = "$(TARGET_NAME)";
				SWIFT_VERSION = 5.0;
				TARGETED_DEVICE_FAMILY = "1,2";
				TEST_HOST = "$(BUILT_PRODUCTS_DIR)/VkApp.app/VkApp";
			};
			name = Debug;
		};
		51C15DB6235C4AF000365E55 /* Release */ = {
			isa = XCBuildConfiguration;
			buildSettings = {
				ALWAYS_EMBED_SWIFT_STANDARD_LIBRARIES = YES;
				BUNDLE_LOADER = "$(TEST_HOST)";
				CODE_SIGN_STYLE = Automatic;
				DEVELOPMENT_TEAM = NVY499P265;
				INFOPLIST_FILE = VkAppTests/Info.plist;
				IPHONEOS_DEPLOYMENT_TARGET = 13.0;
				LD_RUNPATH_SEARCH_PATHS = (
					"$(inherited)",
					"@executable_path/Frameworks",
					"@loader_path/Frameworks",
				);
				PRODUCT_BUNDLE_IDENTIFIER = "-.VkAppTests";
				PRODUCT_NAME = "$(TARGET_NAME)";
				SWIFT_VERSION = 5.0;
				TARGETED_DEVICE_FAMILY = "1,2";
				TEST_HOST = "$(BUILT_PRODUCTS_DIR)/VkApp.app/VkApp";
			};
			name = Release;
		};
		51C15DB8235C4AF000365E55 /* Debug */ = {
			isa = XCBuildConfiguration;
			buildSettings = {
				ALWAYS_EMBED_SWIFT_STANDARD_LIBRARIES = YES;
				CODE_SIGN_STYLE = Automatic;
				DEVELOPMENT_TEAM = NVY499P265;
				INFOPLIST_FILE = VkAppUITests/Info.plist;
				LD_RUNPATH_SEARCH_PATHS = (
					"$(inherited)",
					"@executable_path/Frameworks",
					"@loader_path/Frameworks",
				);
				PRODUCT_BUNDLE_IDENTIFIER = "-.VkAppUITests";
				PRODUCT_NAME = "$(TARGET_NAME)";
				SWIFT_VERSION = 5.0;
				TARGETED_DEVICE_FAMILY = "1,2";
				TEST_TARGET_NAME = VkApp;
			};
			name = Debug;
		};
		51C15DB9235C4AF000365E55 /* Release */ = {
			isa = XCBuildConfiguration;
			buildSettings = {
				ALWAYS_EMBED_SWIFT_STANDARD_LIBRARIES = YES;
				CODE_SIGN_STYLE = Automatic;
				DEVELOPMENT_TEAM = NVY499P265;
				INFOPLIST_FILE = VkAppUITests/Info.plist;
				LD_RUNPATH_SEARCH_PATHS = (
					"$(inherited)",
					"@executable_path/Frameworks",
					"@loader_path/Frameworks",
				);
				PRODUCT_BUNDLE_IDENTIFIER = "-.VkAppUITests";
				PRODUCT_NAME = "$(TARGET_NAME)";
				SWIFT_VERSION = 5.0;
				TARGETED_DEVICE_FAMILY = "1,2";
				TEST_TARGET_NAME = VkApp;
			};
			name = Release;
		};
/* End XCBuildConfiguration section */

/* Begin XCConfigurationList section */
		51C15D82235C4AEC00365E55 /* Build configuration list for PBXProject "VkApp" */ = {
			isa = XCConfigurationList;
			buildConfigurations = (
				51C15DAF235C4AF000365E55 /* Debug */,
				51C15DB0235C4AF000365E55 /* Release */,
			);
			defaultConfigurationIsVisible = 0;
			defaultConfigurationName = Release;
		};
		51C15DB1235C4AF000365E55 /* Build configuration list for PBXNativeTarget "VkApp" */ = {
			isa = XCConfigurationList;
			buildConfigurations = (
				51C15DB2235C4AF000365E55 /* Debug */,
				51C15DB3235C4AF000365E55 /* Release */,
			);
			defaultConfigurationIsVisible = 0;
			defaultConfigurationName = Release;
		};
		51C15DB4235C4AF000365E55 /* Build configuration list for PBXNativeTarget "VkAppTests" */ = {
			isa = XCConfigurationList;
			buildConfigurations = (
				51C15DB5235C4AF000365E55 /* Debug */,
				51C15DB6235C4AF000365E55 /* Release */,
			);
			defaultConfigurationIsVisible = 0;
			defaultConfigurationName = Release;
		};
		51C15DB7235C4AF000365E55 /* Build configuration list for PBXNativeTarget "VkAppUITests" */ = {
			isa = XCConfigurationList;
			buildConfigurations = (
				51C15DB8235C4AF000365E55 /* Debug */,
				51C15DB9235C4AF000365E55 /* Release */,
			);
			defaultConfigurationIsVisible = 0;
			defaultConfigurationName = Release;
		};
/* End XCConfigurationList section */
	};
	rootObject = 51C15D7F235C4AEC00365E55 /* Project object */;
}
